// !$*UTF8*$!
{
	archiveVersion = 1;
	classes = {
	};
	objectVersion = 50;
	objects = {

/* Begin PBXBuildFile section */
		CB0C1599244D910900C0D861 /* ImagePicker.swift in Sources */ = {isa = PBXBuildFile; fileRef = CB0C1598244D910900C0D861 /* ImagePicker.swift */; };
		CB6361B0244DA13E00A2B108 /* ImageSaver.swift in Sources */ = {isa = PBXBuildFile; fileRef = CB6361AF244DA13E00A2B108 /* ImageSaver.swift */; };
		CBAF0FB9244858C900FA0211 /* AppDelegate.swift in Sources */ = {isa = PBXBuildFile; fileRef = CBAF0FB8244858C900FA0211 /* AppDelegate.swift */; };
		CBAF0FBB244858C900FA0211 /* SceneDelegate.swift in Sources */ = {isa = PBXBuildFile; fileRef = CBAF0FBA244858C900FA0211 /* SceneDelegate.swift */; };
		CBAF0FBD244858C900FA0211 /* ContentView.swift in Sources */ = {isa = PBXBuildFile; fileRef = CBAF0FBC244858C900FA0211 /* ContentView.swift */; };
		CBAF0FBF244858CB00FA0211 /* Assets.xcassets in Resources */ = {isa = PBXBuildFile; fileRef = CBAF0FBE244858CB00FA0211 /* Assets.xcassets */; };
		CBAF0FC2244858CB00FA0211 /* Preview Assets.xcassets in Resources */ = {isa = PBXBuildFile; fileRef = CBAF0FC1244858CB00FA0211 /* Preview Assets.xcassets */; };
		CBAF0FC5244858CB00FA0211 /* LaunchScreen.storyboard in Resources */ = {isa = PBXBuildFile; fileRef = CBAF0FC3244858CB00FA0211 /* LaunchScreen.storyboard */; };
/* End PBXBuildFile section */

/* Begin PBXFileReference section */
		CB0C1598244D910900C0D861 /* ImagePicker.swift */ = {isa = PBXFileReference; lastKnownFileType = sourcecode.swift; path = ImagePicker.swift; sourceTree = "<group>"; };
		CB6361AF244DA13E00A2B108 /* ImageSaver.swift */ = {isa = PBXFileReference; lastKnownFileType = sourcecode.swift; path = ImageSaver.swift; sourceTree = "<group>"; };
		CBAF0FB5244858C900FA0211 /* instafilter.app */ = {isa = PBXFileReference; explicitFileType = wrapper.application; includeInIndex = 0; path = instafilter.app; sourceTree = BUILT_PRODUCTS_DIR; };
		CBAF0FB8244858C900FA0211 /* AppDelegate.swift */ = {isa = PBXFileReference; lastKnownFileType = sourcecode.swift; path = AppDelegate.swift; sourceTree = "<group>"; };
		CBAF0FBA244858C900FA0211 /* SceneDelegate.swift */ = {isa = PBXFileReference; lastKnownFileType = sourcecode.swift; path = SceneDelegate.swift; sourceTree = "<group>"; };
		CBAF0FBC244858C900FA0211 /* ContentView.swift */ = {isa = PBXFileReference; lastKnownFileType = sourcecode.swift; path = ContentView.swift; sourceTree = "<group>"; };
		CBAF0FBE244858CB00FA0211 /* Assets.xcassets */ = {isa = PBXFileReference; lastKnownFileType = folder.assetcatalog; path = Assets.xcassets; sourceTree = "<group>"; };
		CBAF0FC1244858CB00FA0211 /* Preview Assets.xcassets */ = {isa = PBXFileReference; lastKnownFileType = folder.assetcatalog; path = "Preview Assets.xcassets"; sourceTree = "<group>"; };
		CBAF0FC4244858CB00FA0211 /* Base */ = {isa = PBXFileReference; lastKnownFileType = file.storyboard; name = Base; path = Base.lproj/LaunchScreen.storyboard; sourceTree = "<group>"; };
		CBAF0FC6244858CB00FA0211 /* Info.plist */ = {isa = PBXFileReference; lastKnownFileType = text.plist.xml; path = Info.plist; sourceTree = "<group>"; };
/* End PBXFileReference section */

/* Begin PBXFrameworksBuildPhase section */
		CBAF0FB2244858C900FA0211 /* Frameworks */ = {
			isa = PBXFrameworksBuildPhase;
			buildActionMask = 2147483647;
			files = (
			);
			runOnlyForDeploymentPostprocessing = 0;
		};
/* End PBXFrameworksBuildPhase section */

/* Begin PBXGroup section */
		CBAF0FAC244858C900FA0211 = {
			isa = PBXGroup;
			children = (
				CBAF0FB7244858C900FA0211 /* instafilter */,
				CBAF0FB6244858C900FA0211 /* Products */,
			);
			sourceTree = "<group>";
		};
		CBAF0FB6244858C900FA0211 /* Products */ = {
			isa = PBXGroup;
			children = (
				CBAF0FB5244858C900FA0211 /* instafilter.app */,
			);
			name = Products;
			sourceTree = "<group>";
		};
		CBAF0FB7244858C900FA0211 /* instafilter */ = {
			isa = PBXGroup;
			children = (
				CBAF0FB8244858C900FA0211 /* AppDelegate.swift */,
				CBAF0FBA244858C900FA0211 /* SceneDelegate.swift */,
				CBAF0FBC244858C900FA0211 /* ContentView.swift */,
				CBAF0FBE244858CB00FA0211 /* Assets.xcassets */,
				CBAF0FC3244858CB00FA0211 /* LaunchScreen.storyboard */,
				CBAF0FC6244858CB00FA0211 /* Info.plist */,
				CBAF0FC0244858CB00FA0211 /* Preview Content */,
				CB0C1598244D910900C0D861 /* ImagePicker.swift */,
				CB6361AF244DA13E00A2B108 /* ImageSaver.swift */,
			);
			path = instafilter;
			sourceTree = "<group>";
		};
		CBAF0FC0244858CB00FA0211 /* Preview Content */ = {
			isa = PBXGroup;
			children = (
				CBAF0FC1244858CB00FA0211 /* Preview Assets.xcassets */,
			);
			path = "Preview Content";
			sourceTree = "<group>";
		};
/* End PBXGroup section */

/* Begin PBXNativeTarget section */
		CBAF0FB4244858C900FA0211 /* instafilter */ = {
			isa = PBXNativeTarget;
			buildConfigurationList = CBAF0FC9244858CB00FA0211 /* Build configuration list for PBXNativeTarget "instafilter" */;
			buildPhases = (
				CBAF0FB1244858C900FA0211 /* Sources */,
				CBAF0FB2244858C900FA0211 /* Frameworks */,
				CBAF0FB3244858C900FA0211 /* Resources */,
			);
			buildRules = (
			);
			dependencies = (
			);
			name = instafilter;
			productName = instafilter;
			productReference = CBAF0FB5244858C900FA0211 /* instafilter.app */;
			productType = "com.apple.product-type.application";
		};
/* End PBXNativeTarget section */

/* Begin PBXProject section */
		CBAF0FAD244858C900FA0211 /* Project object */ = {
			isa = PBXProject;
			attributes = {
				LastSwiftUpdateCheck = 1140;
				LastUpgradeCheck = 1140;
				ORGANIZATIONNAME = "陈敏华";
				TargetAttributes = {
					CBAF0FB4244858C900FA0211 = {
						CreatedOnToolsVersion = 11.4;
					};
				};
			};
			buildConfigurationList = CBAF0FB0244858C900FA0211 /* Build configuration list for PBXProject "instafilter" */;
			compatibilityVersion = "Xcode 9.3";
			developmentRegion = en;
			hasScannedForEncodings = 0;
			knownRegions = (
				en,
				Base,
			);
			mainGroup = CBAF0FAC244858C900FA0211;
			productRefGroup = CBAF0FB6244858C900FA0211 /* Products */;
			projectDirPath = "";
			projectRoot = "";
			targets = (
				CBAF0FB4244858C900FA0211 /* instafilter */,
			);
		};
/* End PBXProject section */

/* Begin PBXResourcesBuildPhase section */
		CBAF0FB3244858C900FA0211 /* Resources */ = {
			isa = PBXResourcesBuildPhase;
			buildActionMask = 2147483647;
			files = (
				CBAF0FC5244858CB00FA0211 /* LaunchScreen.storyboard in Resources */,
				CBAF0FC2244858CB00FA0211 /* Preview Assets.xcassets in Resources */,
				CBAF0FBF244858CB00FA0211 /* Assets.xcassets in Resources */,
			);
			runOnlyForDeploymentPostprocessing = 0;
		};
/* End PBXResourcesBuildPhase section */

/* Begin PBXSourcesBuildPhase section */
		CBAF0FB1244858C900FA0211 /* Sources */ = {
			isa = PBXSourcesBuildPhase;
			buildActionMask = 2147483647;
			files = (
				CBAF0FB9244858C900FA0211 /* AppDelegate.swift in Sources */,
				CB0C1599244D910900C0D861 /* ImagePicker.swift in Sources */,
				CB6361B0244DA13E00A2B108 /* ImageSaver.swift in Sources */,
				CBAF0FBB244858C900FA0211 /* SceneDelegate.swift in Sources */,
				CBAF0FBD244858C900FA0211 /* ContentView.swift in Sources */,
			);
			runOnlyForDeploymentPostprocessing = 0;
		};
/* End PBXSourcesBuildPhase section */

/* Begin PBXVariantGroup section */
		CBAF0FC3244858CB00FA0211 /* LaunchScreen.storyboard */ = {
			isa = PBXVariantGroup;
			children = (
				CBAF0FC4244858CB00FA0211 /* Base */,
			);
			name = LaunchScreen.storyboard;
			sourceTree = "<group>";
		};
/* End PBXVariantGroup section */

/* Begin XCBuildConfiguration section */
		CBAF0FC7244858CB00FA0211 /* Debug */ = {
			isa = XCBuildConfiguration;
			buildSettings = {
				ALWAYS_SEARCH_USER_PATHS = NO;
				CLANG_ANALYZER_NONNULL = YES;
				CLANG_ANALYZER_NUMBER_OBJECT_CONVERSION = YES_AGGRESSIVE;
				CLANG_CXX_LANGUAGE_STANDARD = "gnu++14";
				CLANG_CXX_LIBRARY = "libc++";
				CLANG_ENABLE_MODULES = YES;
				CLANG_ENABLE_OBJC_ARC = YES;
				CLANG_ENABLE_OBJC_WEAK = YES;
				CLANG_WARN_BLOCK_CAPTURE_AUTORELEASING = YES;
				CLANG_WARN_BOOL_CONVERSION = YES;
				CLANG_WARN_COMMA = YES;
				CLANG_WARN_CONSTANT_CONVERSION = YES;
				CLANG_WARN_DEPRECATED_OBJC_IMPLEMENTATIONS = YES;
				CLANG_WARN_DIRECT_OBJC_ISA_USAGE = YES_ERROR;
				CLANG_WARN_DOCUMENTATION_COMMENTS = YES;
				CLANG_WARN_EMPTY_BODY = YES;
				CLANG_WARN_ENUM_CONVERSION = YES;
				CLANG_WARN_INFINITE_RECURSION = YES;
				CLANG_WARN_INT_CONVERSION = YES;
				CLANG_WARN_NON_LITERAL_NULL_CONVERSION = YES;
				CLANG_WARN_OBJC_IMPLICIT_RETAIN_SELF = YES;
				CLANG_WARN_OBJC_LITERAL_CONVERSION = YES;
				CLANG_WARN_OBJC_ROOT_CLASS = YES_ERROR;
				CLANG_WARN_RANGE_LOOP_ANALYSIS = YES;
				CLANG_WARN_STRICT_PROTOTYPES = YES;
				CLANG_WARN_SUSPICIOUS_MOVE = YES;
				CLANG_WARN_UNGUARDED_AVAILABILITY = YES_AGGRESSIVE;
				CLANG_WARN_UNREACHABLE_CODE = YES;
				CLANG_WARN__DUPLICATE_METHOD_MATCH = YES;
				COPY_PHASE_STRIP = NO;
				DEBUG_INFORMATION_FORMAT = dwarf;
				ENABLE_STRICT_OBJC_MSGSEND = YES;
				ENABLE_TESTABILITY = YES;
				GCC_C_LANGUAGE_STANDARD = gnu11;
				GCC_DYNAMIC_NO_PIC = NO;
				GCC_NO_COMMON_BLOCKS = YES;
				GCC_OPTIMIZATION_LEVEL = 0;
				GCC_PREPROCESSOR_DEFINITIONS = (
					"DEBUG=1",
					"$(inherited)",
				);
				GCC_WARN_64_TO_32_BIT_CONVERSION = YES;
				GCC_WARN_ABOUT_RETURN_TYPE = YES_ERROR;
				GCC_WARN_UNDECLARED_SELECTOR = YES;
				GCC_WARN_UNINITIALIZED_AUTOS = YES_AGGRESSIVE;
				GCC_WARN_UNUSED_FUNCTION = YES;
				GCC_WARN_UNUSED_VARIABLE = YES;
				IPHONEOS_DEPLOYMENT_TARGET = 13.4;
				MTL_ENABLE_DEBUG_INFO = INCLUDE_SOURCE;
				MTL_FAST_MATH = YES;
				ONLY_ACTIVE_ARCH = YES;
				SDKROOT = iphoneos;
				SWIFT_ACTIVE_COMPILATION_CONDITIONS = DEBUG;
				SWIFT_OPTIMIZATION_LEVEL = "-Onone";
			};
			name = Debug;
		};
		CBAF0FC8244858CB00FA0211 /* Release */ = {
			isa = XCBuildConfiguration;
			buildSettings = {
				ALWAYS_SEARCH_USER_PATHS = NO;
				CLANG_ANALYZER_NONNULL = YES;
				CLANG_ANALYZER_NUMBER_OBJECT_CONVERSION = YES_AGGRESSIVE;
				CLANG_CXX_LANGUAGE_STANDARD = "gnu++14";
				CLANG_CXX_LIBRARY = "libc++";
				CLANG_ENABLE_MODULES = YES;
				CLANG_ENABLE_OBJC_ARC = YES;
				CLANG_ENABLE_OBJC_WEAK = YES;
				CLANG_WARN_BLOCK_CAPTURE_AUTORELEASING = YES;
				CLANG_WARN_BOOL_CONVERSION = YES;
				CLANG_WARN_COMMA = YES;
				CLANG_WARN_CONSTANT_CONVERSION = YES;
				CLANG_WARN_DEPRECATED_OBJC_IMPLEMENTATIONS = YES;
				CLANG_WARN_DIRECT_OBJC_ISA_USAGE = YES_ERROR;
				CLANG_WARN_DOCUMENTATION_COMMENTS = YES;
				CLANG_WARN_EMPTY_BODY = YES;
				CLANG_WARN_ENUM_CONVERSION = YES;
				CLANG_WARN_INFINITE_RECURSION = YES;
				CLANG_WARN_INT_CONVERSION = YES;
				CLANG_WARN_NON_LITERAL_NULL_CONVERSION = YES;
				CLANG_WARN_OBJC_IMPLICIT_RETAIN_SELF = YES;
				CLANG_WARN_OBJC_LITERAL_CONVERSION = YES;
				CLANG_WARN_OBJC_ROOT_CLASS = YES_ERROR;
				CLANG_WARN_RANGE_LOOP_ANALYSIS = YES;
				CLANG_WARN_STRICT_PROTOTYPES = YES;
				CLANG_WARN_SUSPICIOUS_MOVE = YES;
				CLANG_WARN_UNGUARDED_AVAILABILITY = YES_AGGRESSIVE;
				CLANG_WARN_UNREACHABLE_CODE = YES;
				CLANG_WARN__DUPLICATE_METHOD_MATCH = YES;
				COPY_PHASE_STRIP = NO;
				DEBUG_INFORMATION_FORMAT = "dwarf-with-dsym";
				ENABLE_NS_ASSERTIONS = NO;
				ENABLE_STRICT_OBJC_MSGSEND = YES;
				GCC_C_LANGUAGE_STANDARD = gnu11;
				GCC_NO_COMMON_BLOCKS = YES;
				GCC_WARN_64_TO_32_BIT_CONVERSION = YES;
				GCC_WARN_ABOUT_RETURN_TYPE = YES_ERROR;
				GCC_WARN_UNDECLARED_SELECTOR = YES;
				GCC_WARN_UNINITIALIZED_AUTOS = YES_AGGRESSIVE;
				GCC_WARN_UNUSED_FUNCTION = YES;
				GCC_WARN_UNUSED_VARIABLE = YES;
				IPHONEOS_DEPLOYMENT_TARGET = 13.4;
				MTL_ENABLE_DEBUG_INFO = NO;
				MTL_FAST_MATH = YES;
				SDKROOT = iphoneos;
				SWIFT_COMPILATION_MODE = wholemodule;
				SWIFT_OPTIMIZATION_LEVEL = "-O";
				VALIDATE_PRODUCT = YES;
			};
			name = Release;
		};
		CBAF0FCA244858CB00FA0211 /* Debug */ = {
			isa = XCBuildConfiguration;
			buildSettings = {
				ASSETCATALOG_COMPILER_APPICON_NAME = AppIcon;
				CODE_SIGN_STYLE = Automatic;
				DEVELOPMENT_ASSET_PATHS = "\"instafilter/Preview Content\"";
				DEVELOPMENT_TEAM = 896RUQTYK2;
				ENABLE_PREVIEWS = YES;
				INFOPLIST_FILE = instafilter/Info.plist;
				LD_RUNPATH_SEARCH_PATHS = (
					"$(inherited)",
					"@executable_path/Frameworks",
				);
				PRODUCT_BUNDLE_IDENTIFIER = chenminhua.instafilter;
				PRODUCT_NAME = "$(TARGET_NAME)";
				SWIFT_VERSION = 5.0;
				TARGETED_DEVICE_FAMILY = "1,2";
			};
			name = Debug;
		};
		CBAF0FCB244858CB00FA0211 /* Release */ = {
			isa = XCBuildConfiguration;
			buildSettings = {
				ASSETCATALOG_COMPILER_APPICON_NAME = AppIcon;
				CODE_SIGN_STYLE = Automatic;
				DEVELOPMENT_ASSET_PATHS = "\"instafilter/Preview Content\"";
				DEVELOPMENT_TEAM = 896RUQTYK2;
				ENABLE_PREVIEWS = YES;
				INFOPLIST_FILE = instafilter/Info.plist;
				LD_RUNPATH_SEARCH_PATHS = (
					"$(inherited)",
					"@executable_path/Frameworks",
				);
				PRODUCT_BUNDLE_IDENTIFIER = chenminhua.instafilter;
				PRODUCT_NAME = "$(TARGET_NAME)";
				SWIFT_VERSION = 5.0;
				TARGETED_DEVICE_FAMILY = "1,2";
			};
			name = Release;
		};
/* End XCBuildConfiguration section */

/* Begin XCConfigurationList section */
		CBAF0FB0244858C900FA0211 /* Build configuration list for PBXProject "instafilter" */ = {
			isa = XCConfigurationList;
			buildConfigurations = (
				CBAF0FC7244858CB00FA0211 /* Debug */,
				CBAF0FC8244858CB00FA0211 /* Release */,
			);
			defaultConfigurationIsVisible = 0;
			defaultConfigurationName = Release;
		};
		CBAF0FC9244858CB00FA0211 /* Build configuration list for PBXNativeTarget "instafilter" */ = {
			isa = XCConfigurationList;
			buildConfigurations = (
				CBAF0FCA244858CB00FA0211 /* Debug */,
				CBAF0FCB244858CB00FA0211 /* Release */,
			);
			defaultConfigurationIsVisible = 0;
			defaultConfigurationName = Release;
		};
/* End XCConfigurationList section */
	};
	rootObject = CBAF0FAD244858C900FA0211 /* Project object */;
}
