// !$*UTF8*$!
{
	archiveVersion = 1;
	classes = {
	};
	objectVersion = 50;
	objects = {

/* Begin PBXBuildFile section */
		8428C8F425B4384D0030B0B3 /* closetApp.swift in Sources */ = {isa = PBXBuildFile; fileRef = 8428C8F325B4384D0030B0B3 /* closetApp.swift */; };
		8428C8F625B4384D0030B0B3 /* ContentView.swift in Sources */ = {isa = PBXBuildFile; fileRef = 8428C8F525B4384D0030B0B3 /* ContentView.swift */; };
		8428C8F825B4384E0030B0B3 /* Assets.xcassets in Resources */ = {isa = PBXBuildFile; fileRef = 8428C8F725B4384E0030B0B3 /* Assets.xcassets */; };
		8428C8FB25B4384E0030B0B3 /* Preview Assets.xcassets in Resources */ = {isa = PBXBuildFile; fileRef = 8428C8FA25B4384E0030B0B3 /* Preview Assets.xcassets */; };
		8428C8FD25B4384E0030B0B3 /* Persistence.swift in Sources */ = {isa = PBXBuildFile; fileRef = 8428C8FC25B4384E0030B0B3 /* Persistence.swift */; };
		8428C90025B4384E0030B0B3 /* closet.xcdatamodeld in Sources */ = {isa = PBXBuildFile; fileRef = 8428C8FE25B4384E0030B0B3 /* closet.xcdatamodeld */; };
		84788FEA25B4757C004F7299 /* AddCategoryView.swift in Sources */ = {isa = PBXBuildFile; fileRef = 84788FE925B4757C004F7299 /* AddCategoryView.swift */; };
		84788FEE25B47C08004F7299 /* CategoryView.swift in Sources */ = {isa = PBXBuildFile; fileRef = 84788FED25B47C08004F7299 /* CategoryView.swift */; };
		84D90860260F09110065DF54 /* AddItemView.swift in Sources */ = {isa = PBXBuildFile; fileRef = 84D9085F260F09110065DF54 /* AddItemView.swift */; };
		84D90863260F09340065DF54 /* AddItemViewModel.swift in Sources */ = {isa = PBXBuildFile; fileRef = 84D90862260F09340065DF54 /* AddItemViewModel.swift */; };
		84D90867260F098E0065DF54 /* ItemCD.swift in Sources */ = {isa = PBXBuildFile; fileRef = 84D90866260F098E0065DF54 /* ItemCD.swift */; };
		84D9086B260F0A190065DF54 /* DateExtension.swift in Sources */ = {isa = PBXBuildFile; fileRef = 84D9086A260F0A190065DF54 /* DateExtension.swift */; };
		84D9086F260F0C020065DF54 /* AttachmentHandler.swift in Sources */ = {isa = PBXBuildFile; fileRef = 84D9086E260F0C020065DF54 /* AttachmentHandler.swift */; };
		84D90873260F11250065DF54 /* ColorExtension.swift in Sources */ = {isa = PBXBuildFile; fileRef = 84D90872260F11250065DF54 /* ColorExtension.swift */; };
		84D90876260F11E10065DF54 /* modal.swift in Sources */ = {isa = PBXBuildFile; fileRef = 84D90875260F11E10065DF54 /* modal.swift */; };
		84D90879260F12160065DF54 /* TextView.swift in Sources */ = {isa = PBXBuildFile; fileRef = 84D90878260F12160065DF54 /* TextView.swift */; };
		84D9087C260F12460065DF54 /* InterFontModifier.swift in Sources */ = {isa = PBXBuildFile; fileRef = 84D9087B260F12460065DF54 /* InterFontModifier.swift */; };
		84D90881260F18D60065DF54 /* configs.swift in Sources */ = {isa = PBXBuildFile; fileRef = 84D90880260F18D60065DF54 /* configs.swift */; };
		84D90884260F22460065DF54 /* DismissKeyboard.swift in Sources */ = {isa = PBXBuildFile; fileRef = 84D90883260F22460065DF54 /* DismissKeyboard.swift */; };
/* End PBXBuildFile section */

/* Begin PBXFileReference section */
		8428C8F025B4384D0030B0B3 /* closet.app */ = {isa = PBXFileReference; explicitFileType = wrapper.application; includeInIndex = 0; path = closet.app; sourceTree = BUILT_PRODUCTS_DIR; };
		8428C8F325B4384D0030B0B3 /* closetApp.swift */ = {isa = PBXFileReference; lastKnownFileType = sourcecode.swift; path = closetApp.swift; sourceTree = "<group>"; };
		8428C8F525B4384D0030B0B3 /* ContentView.swift */ = {isa = PBXFileReference; lastKnownFileType = sourcecode.swift; path = ContentView.swift; sourceTree = "<group>"; };
		8428C8F725B4384E0030B0B3 /* Assets.xcassets */ = {isa = PBXFileReference; lastKnownFileType = folder.assetcatalog; path = Assets.xcassets; sourceTree = "<group>"; };
		8428C8FA25B4384E0030B0B3 /* Preview Assets.xcassets */ = {isa = PBXFileReference; lastKnownFileType = folder.assetcatalog; path = "Preview Assets.xcassets"; sourceTree = "<group>"; };
		8428C8FC25B4384E0030B0B3 /* Persistence.swift */ = {isa = PBXFileReference; lastKnownFileType = sourcecode.swift; path = Persistence.swift; sourceTree = "<group>"; };
		8428C8FF25B4384E0030B0B3 /* closet.xcdatamodel */ = {isa = PBXFileReference; lastKnownFileType = wrapper.xcdatamodel; path = closet.xcdatamodel; sourceTree = "<group>"; };
		8428C90125B4384E0030B0B3 /* Info.plist */ = {isa = PBXFileReference; lastKnownFileType = text.plist.xml; path = Info.plist; sourceTree = "<group>"; };
		84788FE925B4757C004F7299 /* AddCategoryView.swift */ = {isa = PBXFileReference; lastKnownFileType = sourcecode.swift; path = AddCategoryView.swift; sourceTree = "<group>"; };
		84788FED25B47C08004F7299 /* CategoryView.swift */ = {isa = PBXFileReference; lastKnownFileType = sourcecode.swift; path = CategoryView.swift; sourceTree = "<group>"; };
		84D9085F260F09110065DF54 /* AddItemView.swift */ = {isa = PBXFileReference; lastKnownFileType = sourcecode.swift; path = AddItemView.swift; sourceTree = "<group>"; };
		84D90862260F09340065DF54 /* AddItemViewModel.swift */ = {isa = PBXFileReference; lastKnownFileType = sourcecode.swift; path = AddItemViewModel.swift; sourceTree = "<group>"; };
		84D90866260F098E0065DF54 /* ItemCD.swift */ = {isa = PBXFileReference; lastKnownFileType = sourcecode.swift; path = ItemCD.swift; sourceTree = "<group>"; };
		84D9086A260F0A190065DF54 /* DateExtension.swift */ = {isa = PBXFileReference; lastKnownFileType = sourcecode.swift; path = DateExtension.swift; sourceTree = "<group>"; };
		84D9086E260F0C020065DF54 /* AttachmentHandler.swift */ = {isa = PBXFileReference; lastKnownFileType = sourcecode.swift; path = AttachmentHandler.swift; sourceTree = "<group>"; };
		84D90872260F11250065DF54 /* ColorExtension.swift */ = {isa = PBXFileReference; lastKnownFileType = sourcecode.swift; path = ColorExtension.swift; sourceTree = "<group>"; };
		84D90875260F11E10065DF54 /* modal.swift */ = {isa = PBXFileReference; lastKnownFileType = sourcecode.swift; path = modal.swift; sourceTree = "<group>"; };
		84D90878260F12160065DF54 /* TextView.swift */ = {isa = PBXFileReference; lastKnownFileType = sourcecode.swift; path = TextView.swift; sourceTree = "<group>"; };
		84D9087B260F12460065DF54 /* InterFontModifier.swift */ = {isa = PBXFileReference; lastKnownFileType = sourcecode.swift; path = InterFontModifier.swift; sourceTree = "<group>"; };
		84D90880260F18D60065DF54 /* configs.swift */ = {isa = PBXFileReference; lastKnownFileType = sourcecode.swift; path = configs.swift; sourceTree = "<group>"; };
		84D90883260F22460065DF54 /* DismissKeyboard.swift */ = {isa = PBXFileReference; lastKnownFileType = sourcecode.swift; path = DismissKeyboard.swift; sourceTree = "<group>"; };
/* End PBXFileReference section */

/* Begin PBXFrameworksBuildPhase section */
		8428C8ED25B4384D0030B0B3 /* Frameworks */ = {
			isa = PBXFrameworksBuildPhase;
			buildActionMask = 2147483647;
			files = (
			);
			runOnlyForDeploymentPostprocessing = 0;
		};
/* End PBXFrameworksBuildPhase section */

/* Begin PBXGroup section */
		8428C8E725B4384D0030B0B3 = {
			isa = PBXGroup;
			children = (
				84D90886260F34060065DF54 /* AddCategory */,
				84D9087E260F131E0065DF54 /* AddItem */,
				84D90869260F0A0A0065DF54 /* helpers */,
				84D90865260F09780065DF54 /* coreData */,
				8428C8F225B4384D0030B0B3 /* closet */,
				8428C8F125B4384D0030B0B3 /* Products */,
			);
			sourceTree = "<group>";
		};
		8428C8F125B4384D0030B0B3 /* Products */ = {
			isa = PBXGroup;
			children = (
				8428C8F025B4384D0030B0B3 /* closet.app */,
			);
			name = Products;
			sourceTree = "<group>";
		};
		8428C8F225B4384D0030B0B3 /* closet */ = {
			isa = PBXGroup;
			children = (
				8428C8F325B4384D0030B0B3 /* closetApp.swift */,
				8428C8F525B4384D0030B0B3 /* ContentView.swift */,
				8428C8F725B4384E0030B0B3 /* Assets.xcassets */,
				8428C8FC25B4384E0030B0B3 /* Persistence.swift */,
				8428C90125B4384E0030B0B3 /* Info.plist */,
				8428C8FE25B4384E0030B0B3 /* closet.xcdatamodeld */,
				8428C8F925B4384E0030B0B3 /* Preview Content */,
				84788FED25B47C08004F7299 /* CategoryView.swift */,
				84D90880260F18D60065DF54 /* configs.swift */,
			);
			path = closet;
			sourceTree = "<group>";
		};
		8428C8F925B4384E0030B0B3 /* Preview Content */ = {
			isa = PBXGroup;
			children = (
				8428C8FA25B4384E0030B0B3 /* Preview Assets.xcassets */,
			);
			path = "Preview Content";
			sourceTree = "<group>";
		};
		84D90865260F09780065DF54 /* coreData */ = {
			isa = PBXGroup;
			children = (
				84D90866260F098E0065DF54 /* ItemCD.swift */,
			);
			path = coreData;
			sourceTree = "<group>";
		};
		84D90869260F0A0A0065DF54 /* helpers */ = {
			isa = PBXGroup;
			children = (
				84D9086A260F0A190065DF54 /* DateExtension.swift */,
				84D9086E260F0C020065DF54 /* AttachmentHandler.swift */,
				84D90872260F11250065DF54 /* ColorExtension.swift */,
				84D90875260F11E10065DF54 /* modal.swift */,
				84D90878260F12160065DF54 /* TextView.swift */,
				84D9087B260F12460065DF54 /* InterFontModifier.swift */,
				84D90883260F22460065DF54 /* DismissKeyboard.swift */,
			);
			path = helpers;
			sourceTree = "<group>";
		};
		84D9087E260F131E0065DF54 /* AddItem */ = {
			isa = PBXGroup;
			children = (
				84D90862260F09340065DF54 /* AddItemViewModel.swift */,
				84D9085F260F09110065DF54 /* AddItemView.swift */,
			);
			path = AddItem;
			sourceTree = "<group>";
		};
		84D90886260F34060065DF54 /* AddCategory */ = {
			isa = PBXGroup;
			children = (
				84788FE925B4757C004F7299 /* AddCategoryView.swift */,
			);
			path = AddCategory;
			sourceTree = "<group>";
		};
/* End PBXGroup section */

/* Begin PBXNativeTarget section */
		8428C8EF25B4384D0030B0B3 /* closet */ = {
			isa = PBXNativeTarget;
			buildConfigurationList = 8428C90425B4384E0030B0B3 /* Build configuration list for PBXNativeTarget "closet" */;
			buildPhases = (
				8428C8EC25B4384D0030B0B3 /* Sources */,
				8428C8ED25B4384D0030B0B3 /* Frameworks */,
				8428C8EE25B4384D0030B0B3 /* Resources */,
			);
			buildRules = (
			);
			dependencies = (
			);
			name = closet;
			productName = closet;
			productReference = 8428C8F025B4384D0030B0B3 /* closet.app */;
			productType = "com.apple.product-type.application";
		};
/* End PBXNativeTarget section */

/* Begin PBXProject section */
		8428C8E825B4384D0030B0B3 /* Project object */ = {
			isa = PBXProject;
			attributes = {
				LastSwiftUpdateCheck = 1230;
				LastUpgradeCheck = 1230;
				TargetAttributes = {
					8428C8EF25B4384D0030B0B3 = {
						CreatedOnToolsVersion = 12.3;
					};
				};
			};
			buildConfigurationList = 8428C8EB25B4384D0030B0B3 /* Build configuration list for PBXProject "closet" */;
			compatibilityVersion = "Xcode 9.3";
			developmentRegion = en;
			hasScannedForEncodings = 0;
			knownRegions = (
				en,
				Base,
			);
			mainGroup = 8428C8E725B4384D0030B0B3;
			productRefGroup = 8428C8F125B4384D0030B0B3 /* Products */;
			projectDirPath = "";
			projectRoot = "";
			targets = (
				8428C8EF25B4384D0030B0B3 /* closet */,
			);
		};
/* End PBXProject section */

/* Begin PBXResourcesBuildPhase section */
		8428C8EE25B4384D0030B0B3 /* Resources */ = {
			isa = PBXResourcesBuildPhase;
			buildActionMask = 2147483647;
			files = (
				8428C8FB25B4384E0030B0B3 /* Preview Assets.xcassets in Resources */,
				8428C8F825B4384E0030B0B3 /* Assets.xcassets in Resources */,
			);
			runOnlyForDeploymentPostprocessing = 0;
		};
/* End PBXResourcesBuildPhase section */

/* Begin PBXSourcesBuildPhase section */
		8428C8EC25B4384D0030B0B3 /* Sources */ = {
			isa = PBXSourcesBuildPhase;
			buildActionMask = 2147483647;
			files = (
				84D9086F260F0C020065DF54 /* AttachmentHandler.swift in Sources */,
				84D90881260F18D60065DF54 /* configs.swift in Sources */,
				8428C8FD25B4384E0030B0B3 /* Persistence.swift in Sources */,
				8428C90025B4384E0030B0B3 /* closet.xcdatamodeld in Sources */,
				84D9087C260F12460065DF54 /* InterFontModifier.swift in Sources */,
				84D90879260F12160065DF54 /* TextView.swift in Sources */,
				84D90873260F11250065DF54 /* ColorExtension.swift in Sources */,
				84788FEE25B47C08004F7299 /* CategoryView.swift in Sources */,
				8428C8F625B4384D0030B0B3 /* ContentView.swift in Sources */,
				84788FEA25B4757C004F7299 /* AddCategoryView.swift in Sources */,
				84D9086B260F0A190065DF54 /* DateExtension.swift in Sources */,
				84D90884260F22460065DF54 /* DismissKeyboard.swift in Sources */,
				8428C8F425B4384D0030B0B3 /* closetApp.swift in Sources */,
				84D90863260F09340065DF54 /* AddItemViewModel.swift in Sources */,
				84D90876260F11E10065DF54 /* modal.swift in Sources */,
				84D90860260F09110065DF54 /* AddItemView.swift in Sources */,
				84D90867260F098E0065DF54 /* ItemCD.swift in Sources */,
			);
			runOnlyForDeploymentPostprocessing = 0;
		};
/* End PBXSourcesBuildPhase section */

/* Begin XCBuildConfiguration section */
		8428C90225B4384E0030B0B3 /* Debug */ = {
			isa = XCBuildConfiguration;
			buildSettings = {
				ALWAYS_SEARCH_USER_PATHS = NO;
				CLANG_ANALYZER_NONNULL = YES;
				CLANG_ANALYZER_NUMBER_OBJECT_CONVERSION = YES_AGGRESSIVE;
				CLANG_CXX_LANGUAGE_STANDARD = "gnu++14";
				CLANG_CXX_LIBRARY = "libc++";
				CLANG_ENABLE_MODULES = YES;
				CLANG_ENABLE_OBJC_ARC = YES;
				CLANG_ENABLE_OBJC_WEAK = YES;
				CLANG_WARN_BLOCK_CAPTURE_AUTORELEASING = YES;
				CLANG_WARN_BOOL_CONVERSION = YES;
				CLANG_WARN_COMMA = YES;
				CLANG_WARN_CONSTANT_CONVERSION = YES;
				CLANG_WARN_DEPRECATED_OBJC_IMPLEMENTATIONS = YES;
				CLANG_WARN_DIRECT_OBJC_ISA_USAGE = YES_ERROR;
				CLANG_WARN_DOCUMENTATION_COMMENTS = YES;
				CLANG_WARN_EMPTY_BODY = YES;
				CLANG_WARN_ENUM_CONVERSION = YES;
				CLANG_WARN_INFINITE_RECURSION = YES;
				CLANG_WARN_INT_CONVERSION = YES;
				CLANG_WARN_NON_LITERAL_NULL_CONVERSION = YES;
				CLANG_WARN_OBJC_IMPLICIT_RETAIN_SELF = YES;
				CLANG_WARN_OBJC_LITERAL_CONVERSION = YES;
				CLANG_WARN_OBJC_ROOT_CLASS = YES_ERROR;
				CLANG_WARN_QUOTED_INCLUDE_IN_FRAMEWORK_HEADER = YES;
				CLANG_WARN_RANGE_LOOP_ANALYSIS = YES;
				CLANG_WARN_STRICT_PROTOTYPES = YES;
				CLANG_WARN_SUSPICIOUS_MOVE = YES;
				CLANG_WARN_UNGUARDED_AVAILABILITY = YES_AGGRESSIVE;
				CLANG_WARN_UNREACHABLE_CODE = YES;
				CLANG_WARN__DUPLICATE_METHOD_MATCH = YES;
				COPY_PHASE_STRIP = NO;
				DEBUG_INFORMATION_FORMAT = dwarf;
				ENABLE_STRICT_OBJC_MSGSEND = YES;
				ENABLE_TESTABILITY = YES;
				GCC_C_LANGUAGE_STANDARD = gnu11;
				GCC_DYNAMIC_NO_PIC = NO;
				GCC_NO_COMMON_BLOCKS = YES;
				GCC_OPTIMIZATION_LEVEL = 0;
				GCC_PREPROCESSOR_DEFINITIONS = (
					"DEBUG=1",
					"$(inherited)",
				);
				GCC_WARN_64_TO_32_BIT_CONVERSION = YES;
				GCC_WARN_ABOUT_RETURN_TYPE = YES_ERROR;
				GCC_WARN_UNDECLARED_SELECTOR = YES;
				GCC_WARN_UNINITIALIZED_AUTOS = YES_AGGRESSIVE;
				GCC_WARN_UNUSED_FUNCTION = YES;
				GCC_WARN_UNUSED_VARIABLE = YES;
				IPHONEOS_DEPLOYMENT_TARGET = 14.3;
				MTL_ENABLE_DEBUG_INFO = INCLUDE_SOURCE;
				MTL_FAST_MATH = YES;
				ONLY_ACTIVE_ARCH = YES;
				SDKROOT = iphoneos;
				SWIFT_ACTIVE_COMPILATION_CONDITIONS = DEBUG;
				SWIFT_OPTIMIZATION_LEVEL = "-Onone";
			};
			name = Debug;
		};
		8428C90325B4384E0030B0B3 /* Release */ = {
			isa = XCBuildConfiguration;
			buildSettings = {
				ALWAYS_SEARCH_USER_PATHS = NO;
				CLANG_ANALYZER_NONNULL = YES;
				CLANG_ANALYZER_NUMBER_OBJECT_CONVERSION = YES_AGGRESSIVE;
				CLANG_CXX_LANGUAGE_STANDARD = "gnu++14";
				CLANG_CXX_LIBRARY = "libc++";
				CLANG_ENABLE_MODULES = YES;
				CLANG_ENABLE_OBJC_ARC = YES;
				CLANG_ENABLE_OBJC_WEAK = YES;
				CLANG_WARN_BLOCK_CAPTURE_AUTORELEASING = YES;
				CLANG_WARN_BOOL_CONVERSION = YES;
				CLANG_WARN_COMMA = YES;
				CLANG_WARN_CONSTANT_CONVERSION = YES;
				CLANG_WARN_DEPRECATED_OBJC_IMPLEMENTATIONS = YES;
				CLANG_WARN_DIRECT_OBJC_ISA_USAGE = YES_ERROR;
				CLANG_WARN_DOCUMENTATION_COMMENTS = YES;
				CLANG_WARN_EMPTY_BODY = YES;
				CLANG_WARN_ENUM_CONVERSION = YES;
				CLANG_WARN_INFINITE_RECURSION = YES;
				CLANG_WARN_INT_CONVERSION = YES;
				CLANG_WARN_NON_LITERAL_NULL_CONVERSION = YES;
				CLANG_WARN_OBJC_IMPLICIT_RETAIN_SELF = YES;
				CLANG_WARN_OBJC_LITERAL_CONVERSION = YES;
				CLANG_WARN_OBJC_ROOT_CLASS = YES_ERROR;
				CLANG_WARN_QUOTED_INCLUDE_IN_FRAMEWORK_HEADER = YES;
				CLANG_WARN_RANGE_LOOP_ANALYSIS = YES;
				CLANG_WARN_STRICT_PROTOTYPES = YES;
				CLANG_WARN_SUSPICIOUS_MOVE = YES;
				CLANG_WARN_UNGUARDED_AVAILABILITY = YES_AGGRESSIVE;
				CLANG_WARN_UNREACHABLE_CODE = YES;
				CLANG_WARN__DUPLICATE_METHOD_MATCH = YES;
				COPY_PHASE_STRIP = NO;
				DEBUG_INFORMATION_FORMAT = "dwarf-with-dsym";
				ENABLE_NS_ASSERTIONS = NO;
				ENABLE_STRICT_OBJC_MSGSEND = YES;
				GCC_C_LANGUAGE_STANDARD = gnu11;
				GCC_NO_COMMON_BLOCKS = YES;
				GCC_WARN_64_TO_32_BIT_CONVERSION = YES;
				GCC_WARN_ABOUT_RETURN_TYPE = YES_ERROR;
				GCC_WARN_UNDECLARED_SELECTOR = YES;
				GCC_WARN_UNINITIALIZED_AUTOS = YES_AGGRESSIVE;
				GCC_WARN_UNUSED_FUNCTION = YES;
				GCC_WARN_UNUSED_VARIABLE = YES;
				IPHONEOS_DEPLOYMENT_TARGET = 14.3;
				MTL_ENABLE_DEBUG_INFO = NO;
				MTL_FAST_MATH = YES;
				SDKROOT = iphoneos;
				SWIFT_COMPILATION_MODE = wholemodule;
				SWIFT_OPTIMIZATION_LEVEL = "-O";
				VALIDATE_PRODUCT = YES;
			};
			name = Release;
		};
		8428C90525B4384E0030B0B3 /* Debug */ = {
			isa = XCBuildConfiguration;
			buildSettings = {
				ASSETCATALOG_COMPILER_APPICON_NAME = AppIcon;
				ASSETCATALOG_COMPILER_GLOBAL_ACCENT_COLOR_NAME = AccentColor;
				CODE_SIGN_STYLE = Automatic;
				DEVELOPMENT_ASSET_PATHS = "\"closet/Preview Content\"";
				DEVELOPMENT_TEAM = 896RUQTYK2;
				ENABLE_PREVIEWS = YES;
				INFOPLIST_FILE = closet/Info.plist;
				IPHONEOS_DEPLOYMENT_TARGET = 14.0;
				LD_RUNPATH_SEARCH_PATHS = (
					"$(inherited)",
					"@executable_path/Frameworks",
				);
				PRODUCT_BUNDLE_IDENTIFIER = chenminhua.closet;
				PRODUCT_NAME = "$(TARGET_NAME)";
				SWIFT_VERSION = 5.0;
				TARGETED_DEVICE_FAMILY = "1,2";
			};
			name = Debug;
		};
		8428C90625B4384E0030B0B3 /* Release */ = {
			isa = XCBuildConfiguration;
			buildSettings = {
				ASSETCATALOG_COMPILER_APPICON_NAME = AppIcon;
				ASSETCATALOG_COMPILER_GLOBAL_ACCENT_COLOR_NAME = AccentColor;
				CODE_SIGN_STYLE = Automatic;
				DEVELOPMENT_ASSET_PATHS = "\"closet/Preview Content\"";
				DEVELOPMENT_TEAM = 896RUQTYK2;
				ENABLE_PREVIEWS = YES;
				INFOPLIST_FILE = closet/Info.plist;
				IPHONEOS_DEPLOYMENT_TARGET = 14.0;
				LD_RUNPATH_SEARCH_PATHS = (
					"$(inherited)",
					"@executable_path/Frameworks",
				);
				PRODUCT_BUNDLE_IDENTIFIER = chenminhua.closet;
				PRODUCT_NAME = "$(TARGET_NAME)";
				SWIFT_VERSION = 5.0;
				TARGETED_DEVICE_FAMILY = "1,2";
			};
			name = Release;
		};
/* End XCBuildConfiguration section */

/* Begin XCConfigurationList section */
		8428C8EB25B4384D0030B0B3 /* Build configuration list for PBXProject "closet" */ = {
			isa = XCConfigurationList;
			buildConfigurations = (
				8428C90225B4384E0030B0B3 /* Debug */,
				8428C90325B4384E0030B0B3 /* Release */,
			);
			defaultConfigurationIsVisible = 0;
			defaultConfigurationName = Release;
		};
		8428C90425B4384E0030B0B3 /* Build configuration list for PBXNativeTarget "closet" */ = {
			isa = XCConfigurationList;
			buildConfigurations = (
				8428C90525B4384E0030B0B3 /* Debug */,
				8428C90625B4384E0030B0B3 /* Release */,
			);
			defaultConfigurationIsVisible = 0;
			defaultConfigurationName = Release;
		};
/* End XCConfigurationList section */

/* Begin XCVersionGroup section */
		8428C8FE25B4384E0030B0B3 /* closet.xcdatamodeld */ = {
			isa = XCVersionGroup;
			children = (
				8428C8FF25B4384E0030B0B3 /* closet.xcdatamodel */,
			);
			currentVersion = 8428C8FF25B4384E0030B0B3 /* closet.xcdatamodel */;
			path = closet.xcdatamodeld;
			sourceTree = "<group>";
			versionGroupType = wrapper.xcdatamodel;
		};
/* End XCVersionGroup section */
	};
	rootObject = 8428C8E825B4384D0030B0B3 /* Project object */;
}
